<Solution>
  <Folder Name="/src/">
    <Project Path="src/Locadora.Web.Application/Locadora.Web.Application.csproj" />
    <Project Path="src/Locadora.Web.Domain/Locadora.Web.Domain.csproj" />
    <Project Path="src/Locadora.Web.Infrastructure/Locadora.Web.Infrastructure.csproj" />
    <Project Path="src/Locadora.Web/Locadora.Web.csproj" />
  </Folder>
  <Folder Name="/tests/">
    <Project Path="tests/Locadora.Web.Application.UnitTest/Locadora.Web.Application.UnitTest.csproj" />
    <Project Path="tests/Locadora.Web.Infrastructure.UnitTest/Locadora.Web.Infrastructure.UnitTest.csproj" />
  </Folder>
</Solution>
