
Microsoft Visual Studio Solution File, Format Version 12.00
# Visual Studio Version 17
VisualStudioVersion = 17.0.31903.59
MinimumVisualStudioVersion = 10.0.40219.1
Project("{2150E333-8FDC-42A3-9474-1A3956D46DE8}") = "src", "src", "{827E0CD3-B72D-47B6-A68D-7590B98EB39B}"
EndProject
Project("{FAE04EC0-301F-11D3-BF4B-00C04F79EFBC}") = "Locadora.Domain", "src\Locadora.Domain\Locadora.Domain.csproj", "{0C8C3F72-615C-4510-8A52-D38C7801BACB}"
EndProject
Project("{FAE04EC0-301F-11D3-BF4B-00C04F79EFBC}") = "Locadora.Application", "src\Locadora.Application\Locadora.Application.csproj", "{F096495A-87BE-465A-A592-0820D7DFB147}"
EndProject
Project("{FAE04EC0-301F-11D3-BF4B-00C04F79EFBC}") = "Locadora.Infrastructure", "src\Locadora.Infrastructure\Locadora.Infrastructure.csproj", "{B756EA6E-871C-471B-9CAB-166CEA9C46C2}"
EndProject
Project("{FAE04EC0-301F-11D3-BF4B-00C04F79EFBC}") = "Locadora.Api", "src\Locadora.Api\Locadora.Api.csproj", "{286B5DCC-A4EF-47AB-8B1C-A5B144D23009}"
EndProject
Project("{2150E333-8FDC-42A3-9474-1A3956D46DE8}") = "tests", "tests", "{0AB3BF05-4346-4AA6-1389-037BE0695223}"
EndProject
Project("{FAE04EC0-301F-11D3-BF4B-00C04F79EFBC}") = "Locadora.Application.UnitTest", "tests\Locadora.Application.UnitTest\Locadora.Application.UnitTest.csproj", "{DE49F7A6-53F1-4171-8063-0CEAC5DF5F7C}"
EndProject
Project("{FAE04EC0-301F-11D3-BF4B-00C04F79EFBC}") = "Locadora.Infrastructure.UnitTest", "tests\Locadora.Infrastructure.UnitTest\Locadora.Infrastructure.UnitTest.csproj", "{FC086E69-3751-4C53-BB15-1C5AC15B3A01}"
EndProject
Global
	GlobalSection(SolutionConfigurationPlatforms) = preSolution
		Debug|Any CPU = Debug|Any CPU
		Debug|x64 = Debug|x64
		Debug|x86 = Debug|x86
		Release|Any CPU = Release|Any CPU
		Release|x64 = Release|x64
		Release|x86 = Release|x86
	EndGlobalSection
	GlobalSection(ProjectConfigurationPlatforms) = postSolution
		{0C8C3F72-615C-4510-8A52-D38C7801BACB}.Debug|Any CPU.ActiveCfg = Debug|Any CPU
		{0C8C3F72-615C-4510-8A52-D38C7801BACB}.Debug|Any CPU.Build.0 = Debug|Any CPU
		{0C8C3F72-615C-4510-8A52-D38C7801BACB}.Debug|x64.ActiveCfg = Debug|Any CPU
		{0C8C3F72-615C-4510-8A52-D38C7801BACB}.Debug|x64.Build.0 = Debug|Any CPU
		{0C8C3F72-615C-4510-8A52-D38C7801BACB}.Debug|x86.ActiveCfg = Debug|Any CPU
		{0C8C3F72-615C-4510-8A52-D38C7801BACB}.Debug|x86.Build.0 = Debug|Any CPU
		{0C8C3F72-615C-4510-8A52-D38C7801BACB}.Release|Any CPU.ActiveCfg = Release|Any CPU
		{0C8C3F72-615C-4510-8A52-D38C7801BACB}.Release|Any CPU.Build.0 = Release|Any CPU
		{0C8C3F72-615C-4510-8A52-D38C7801BACB}.Release|x64.ActiveCfg = Release|Any CPU
		{0C8C3F72-615C-4510-8A52-D38C7801BACB}.Release|x64.Build.0 = Release|Any CPU
		{0C8C3F72-615C-4510-8A52-D38C7801BACB}.Release|x86.ActiveCfg = Release|Any CPU
		{0C8C3F72-615C-4510-8A52-D38C7801BACB}.Release|x86.Build.0 = Release|Any CPU
		{F096495A-87BE-465A-A592-0820D7DFB147}.Debug|Any CPU.ActiveCfg = Debug|Any CPU
		{F096495A-87BE-465A-A592-0820D7DFB147}.Debug|Any CPU.Build.0 = Debug|Any CPU
		{F096495A-87BE-465A-A592-0820D7DFB147}.Debug|x64.ActiveCfg = Debug|Any CPU
		{F096495A-87BE-465A-A592-0820D7DFB147}.Debug|x64.Build.0 = Debug|Any CPU
		{F096495A-87BE-465A-A592-0820D7DFB147}.Debug|x86.ActiveCfg = Debug|Any CPU
		{F096495A-87BE-465A-A592-0820D7DFB147}.Debug|x86.Build.0 = Debug|Any CPU
		{F096495A-87BE-465A-A592-0820D7DFB147}.Release|Any CPU.ActiveCfg = Release|Any CPU
		{F096495A-87BE-465A-A592-0820D7DFB147}.Release|Any CPU.Build.0 = Release|Any CPU
		{F096495A-87BE-465A-A592-0820D7DFB147}.Release|x64.ActiveCfg = Release|Any CPU
		{F096495A-87BE-465A-A592-0820D7DFB147}.Release|x64.Build.0 = Release|Any CPU
		{F096495A-87BE-465A-A592-0820D7DFB147}.Release|x86.ActiveCfg = Release|Any CPU
		{F096495A-87BE-465A-A592-0820D7DFB147}.Release|x86.Build.0 = Release|Any CPU
		{B756EA6E-871C-471B-9CAB-166CEA9C46C2}.Debug|Any CPU.ActiveCfg = Debug|Any CPU
		{B756EA6E-871C-471B-9CAB-166CEA9C46C2}.Debug|Any CPU.Build.0 = Debug|Any CPU
		{B756EA6E-871C-471B-9CAB-166CEA9C46C2}.Debug|x64.ActiveCfg = Debug|Any CPU
		{B756EA6E-871C-471B-9CAB-166CEA9C46C2}.Debug|x64.Build.0 = Debug|Any CPU
		{B756EA6E-871C-471B-9CAB-166CEA9C46C2}.Debug|x86.ActiveCfg = Debug|Any CPU
		{B756EA6E-871C-471B-9CAB-166CEA9C46C2}.Debug|x86.Build.0 = Debug|Any CPU
		{B756EA6E-871C-471B-9CAB-166CEA9C46C2}.Release|Any CPU.ActiveCfg = Release|Any CPU
		{B756EA6E-871C-471B-9CAB-166CEA9C46C2}.Release|Any CPU.Build.0 = Release|Any CPU
		{B756EA6E-871C-471B-9CAB-166CEA9C46C2}.Release|x64.ActiveCfg = Release|Any CPU
		{B756EA6E-871C-471B-9CAB-166CEA9C46C2}.Release|x64.Build.0 = Release|Any CPU
		{B756EA6E-871C-471B-9CAB-166CEA9C46C2}.Release|x86.ActiveCfg = Release|Any CPU
		{B756EA6E-871C-471B-9CAB-166CEA9C46C2}.Release|x86.Build.0 = Release|Any CPU
		{286B5DCC-A4EF-47AB-8B1C-A5B144D23009}.Debug|Any CPU.ActiveCfg = Debug|Any CPU
		{286B5DCC-A4EF-47AB-8B1C-A5B144D23009}.Debug|Any CPU.Build.0 = Debug|Any CPU
		{286B5DCC-A4EF-47AB-8B1C-A5B144D23009}.Debug|x64.ActiveCfg = Debug|Any CPU
		{286B5DCC-A4EF-47AB-8B1C-A5B144D23009}.Debug|x64.Build.0 = Debug|Any CPU
		{286B5DCC-A4EF-47AB-8B1C-A5B144D23009}.Debug|x86.ActiveCfg = Debug|Any CPU
		{286B5DCC-A4EF-47AB-8B1C-A5B144D23009}.Debug|x86.Build.0 = Debug|Any CPU
		{286B5DCC-A4EF-47AB-8B1C-A5B144D23009}.Release|Any CPU.ActiveCfg = Release|Any CPU
		{286B5DCC-A4EF-47AB-8B1C-A5B144D23009}.Release|Any CPU.Build.0 = Release|Any CPU
		{286B5DCC-A4EF-47AB-8B1C-A5B144D23009}.Release|x64.ActiveCfg = Release|Any CPU
		{286B5DCC-A4EF-47AB-8B1C-A5B144D23009}.Release|x64.Build.0 = Release|Any CPU
		{286B5DCC-A4EF-47AB-8B1C-A5B144D23009}.Release|x86.ActiveCfg = Release|Any CPU
		{286B5DCC-A4EF-47AB-8B1C-A5B144D23009}.Release|x86.Build.0 = Release|Any CPU
		{DE49F7A6-53F1-4171-8063-0CEAC5DF5F7C}.Debug|Any CPU.ActiveCfg = Debug|Any CPU
		{DE49F7A6-53F1-4171-8063-0CEAC5DF5F7C}.Debug|Any CPU.Build.0 = Debug|Any CPU
		{DE49F7A6-53F1-4171-8063-0CEAC5DF5F7C}.Debug|x64.ActiveCfg = Debug|Any CPU
		{DE49F7A6-53F1-4171-8063-0CEAC5DF5F7C}.Debug|x64.Build.0 = Debug|Any CPU
		{DE49F7A6-53F1-4171-8063-0CEAC5DF5F7C}.Debug|x86.ActiveCfg = Debug|Any CPU
		{DE49F7A6-53F1-4171-8063-0CEAC5DF5F7C}.Debug|x86.Build.0 = Debug|Any CPU
		{DE49F7A6-53F1-4171-8063-0CEAC5DF5F7C}.Release|Any CPU.ActiveCfg = Release|Any CPU
		{DE49F7A6-53F1-4171-8063-0CEAC5DF5F7C}.Release|Any CPU.Build.0 = Release|Any CPU
		{DE49F7A6-53F1-4171-8063-0CEAC5DF5F7C}.Release|x64.ActiveCfg = Release|Any CPU
		{DE49F7A6-53F1-4171-8063-0CEAC5DF5F7C}.Release|x64.Build.0 = Release|Any CPU
		{DE49F7A6-53F1-4171-8063-0CEAC5DF5F7C}.Release|x86.ActiveCfg = Release|Any CPU
		{DE49F7A6-53F1-4171-8063-0CEAC5DF5F7C}.Release|x86.Build.0 = Release|Any CPU
		{FC086E69-3751-4C53-BB15-1C5AC15B3A01}.Debug|Any CPU.ActiveCfg = Debug|Any CPU
		{FC086E69-3751-4C53-BB15-1C5AC15B3A01}.Debug|Any CPU.Build.0 = Debug|Any CPU
		{FC086E69-3751-4C53-BB15-1C5AC15B3A01}.Debug|x64.ActiveCfg = Debug|Any CPU
		{FC086E69-3751-4C53-BB15-1C5AC15B3A01}.Debug|x64.Build.0 = Debug|Any CPU
		{FC086E69-3751-4C53-BB15-1C5AC15B3A01}.Debug|x86.ActiveCfg = Debug|Any CPU
		{FC086E69-3751-4C53-BB15-1C5AC15B3A01}.Debug|x86.Build.0 = Debug|Any CPU
		{FC086E69-3751-4C53-BB15-1C5AC15B3A01}.Release|Any CPU.ActiveCfg = Release|Any CPU
		{FC086E69-3751-4C53-BB15-1C5AC15B3A01}.Release|Any CPU.Build.0 = Release|Any CPU
		{FC086E69-3751-4C53-BB15-1C5AC15B3A01}.Release|x64.ActiveCfg = Release|Any CPU
		{FC086E69-3751-4C53-BB15-1C5AC15B3A01}.Release|x64.Build.0 = Release|Any CPU
		{FC086E69-3751-4C53-BB15-1C5AC15B3A01}.Release|x86.ActiveCfg = Release|Any CPU
		{FC086E69-3751-4C53-BB15-1C5AC15B3A01}.Release|x86.Build.0 = Release|Any CPU
	EndGlobalSection
	GlobalSection(SolutionProperties) = preSolution
		HideSolutionNode = FALSE
	EndGlobalSection
	GlobalSection(NestedProjects) = preSolution
		{0C8C3F72-615C-4510-8A52-D38C7801BACB} = {827E0CD3-B72D-47B6-A68D-7590B98EB39B}
		{F096495A-87BE-465A-A592-0820D7DFB147} = {827E0CD3-B72D-47B6-A68D-7590B98EB39B}
		{B756EA6E-871C-471B-9CAB-166CEA9C46C2} = {827E0CD3-B72D-47B6-A68D-7590B98EB39B}
		{286B5DCC-A4EF-47AB-8B1C-A5B144D23009} = {827E0CD3-B72D-47B6-A68D-7590B98EB39B}
		{DE49F7A6-53F1-4171-8063-0CEAC5DF5F7C} = {0AB3BF05-4346-4AA6-1389-037BE0695223}
		{FC086E69-3751-4C53-BB15-1C5AC15B3A01} = {0AB3BF05-4346-4AA6-1389-037BE0695223}
	EndGlobalSection
EndGlobal
